
Microsoft Visual Studio Solution File, Format Version 12.00
# Visual Studio 15
VisualStudioVersion = 15.0.27130.2036
MinimumVisualStudioVersion = 10.0.40219.1
Project("{FAE04EC0-301F-11D3-BF4B-00C04F79EFBC}") = "WebDriverFramework", "WebDriverFramework\WebDriverFramework.csproj", "{95440912-8C1C-4A3A-A6AC-836278831F7E}"
EndProject
Project("{FAE04EC0-301F-11D3-BF4B-00C04F79EFBC}") = "ConsoleApp1", "Solution\ConsoleApp1\ConsoleApp1.csproj", "{DABCE72F-8A47-4259-912B-E9C61A1B4E66}"
EndProject
Project("{2150E333-8FDC-42A3-9474-1A3956D46DE8}") = "ReportPortal", "ReportPortal", "{5B103071-76A4-4C9D-963A-91AA2D31175D}"
EndProject
Project("{9A19103F-16F7-4668-BE54-9A1E7A4F7556}") = "ReportPortal.NUnitExtension", "ReportPortal\agent-net-nunit-master\ReportPortal.NUnitExtension\ReportPortal.NUnitExtension.csproj", "{A512C033-3BAA-4435-9D8A-111792761BA9}"
EndProject
Project("{9A19103F-16F7-4668-BE54-9A1E7A4F7556}") = "ReportPortal.Client", "ReportPortal\client-net-master\client-net-master\ReportPortal.Client\ReportPortal.Client.csproj", "{2823C651-F4D9-4734-9FE8-30B523FD3389}"
EndProject
Project("{9A19103F-16F7-4668-BE54-9A1E7A4F7556}") = "ReportPortal.Shared", "ReportPortal\commons-net-master\ReportPortal.Shared\ReportPortal.Shared.csproj", "{8012431A-A374-484C-84F2-FAA880BBA356}"
EndProject
Project("{9A19103F-16F7-4668-BE54-9A1E7A4F7556}") = "ReportPortal.NLog", "ReportPortal\logger-net-nlog-master\ReportPortal.NLog\ReportPortal.NLog.csproj", "{70180475-1419-4479-ABA5-C910EE5CE3FA}"
EndProject
Project("{FAE04EC0-301F-11D3-BF4B-00C04F79EFBC}") = "AllProjects", "AllProjects\AllProjects.csproj", "{4474FC48-0D28-49B4-8E78-8A1C9ACE7492}"
EndProject
Global
	GlobalSection(SolutionConfigurationPlatforms) = preSolution
		Debug|Any CPU = Debug|Any CPU
		Release|Any CPU = Release|Any CPU
	EndGlobalSection
	GlobalSection(ProjectConfigurationPlatforms) = postSolution
		{95440912-8C1C-4A3A-A6AC-836278831F7E}.Debug|Any CPU.ActiveCfg = Debug|Any CPU
		{95440912-8C1C-4A3A-A6AC-836278831F7E}.Debug|Any CPU.Build.0 = Debug|Any CPU
		{95440912-8C1C-4A3A-A6AC-836278831F7E}.Release|Any CPU.ActiveCfg = Release|Any CPU
		{95440912-8C1C-4A3A-A6AC-836278831F7E}.Release|Any CPU.Build.0 = Release|Any CPU
		{DABCE72F-8A47-4259-912B-E9C61A1B4E66}.Debug|Any CPU.ActiveCfg = Debug|Any CPU
		{DABCE72F-8A47-4259-912B-E9C61A1B4E66}.Debug|Any CPU.Build.0 = Debug|Any CPU
		{DABCE72F-8A47-4259-912B-E9C61A1B4E66}.Release|Any CPU.ActiveCfg = Release|Any CPU
		{DABCE72F-8A47-4259-912B-E9C61A1B4E66}.Release|Any CPU.Build.0 = Release|Any CPU
		{A512C033-3BAA-4435-9D8A-111792761BA9}.Debug|Any CPU.ActiveCfg = Debug|Any CPU
		{A512C033-3BAA-4435-9D8A-111792761BA9}.Debug|Any CPU.Build.0 = Debug|Any CPU
		{A512C033-3BAA-4435-9D8A-111792761BA9}.Release|Any CPU.ActiveCfg = Release|Any CPU
		{A512C033-3BAA-4435-9D8A-111792761BA9}.Release|Any CPU.Build.0 = Release|Any CPU
		{2823C651-F4D9-4734-9FE8-30B523FD3389}.Debug|Any CPU.ActiveCfg = Debug|Any CPU
		{2823C651-F4D9-4734-9FE8-30B523FD3389}.Debug|Any CPU.Build.0 = Debug|Any CPU
		{2823C651-F4D9-4734-9FE8-30B523FD3389}.Release|Any CPU.ActiveCfg = Release|Any CPU
		{2823C651-F4D9-4734-9FE8-30B523FD3389}.Release|Any CPU.Build.0 = Release|Any CPU
		{8012431A-A374-484C-84F2-FAA880BBA356}.Debug|Any CPU.ActiveCfg = Debug|Any CPU
		{8012431A-A374-484C-84F2-FAA880BBA356}.Debug|Any CPU.Build.0 = Debug|Any CPU
		{8012431A-A374-484C-84F2-FAA880BBA356}.Release|Any CPU.ActiveCfg = Release|Any CPU
		{8012431A-A374-484C-84F2-FAA880BBA356}.Release|Any CPU.Build.0 = Release|Any CPU
		{70180475-1419-4479-ABA5-C910EE5CE3FA}.Debug|Any CPU.ActiveCfg = Debug|Any CPU
		{70180475-1419-4479-ABA5-C910EE5CE3FA}.Debug|Any CPU.Build.0 = Debug|Any CPU
		{70180475-1419-4479-ABA5-C910EE5CE3FA}.Release|Any CPU.ActiveCfg = Release|Any CPU
		{70180475-1419-4479-ABA5-C910EE5CE3FA}.Release|Any CPU.Build.0 = Release|Any CPU
		{4474FC48-0D28-49B4-8E78-8A1C9ACE7492}.Debug|Any CPU.ActiveCfg = Debug|Any CPU
		{4474FC48-0D28-49B4-8E78-8A1C9ACE7492}.Debug|Any CPU.Build.0 = Debug|Any CPU
		{4474FC48-0D28-49B4-8E78-8A1C9ACE7492}.Release|Any CPU.ActiveCfg = Release|Any CPU
		{4474FC48-0D28-49B4-8E78-8A1C9ACE7492}.Release|Any CPU.Build.0 = Release|Any CPU
	EndGlobalSection
	GlobalSection(SolutionProperties) = preSolution
		HideSolutionNode = FALSE
	EndGlobalSection
	GlobalSection(NestedProjects) = preSolution
		{A512C033-3BAA-4435-9D8A-111792761BA9} = {5B103071-76A4-4C9D-963A-91AA2D31175D}
		{2823C651-F4D9-4734-9FE8-30B523FD3389} = {5B103071-76A4-4C9D-963A-91AA2D31175D}
		{8012431A-A374-484C-84F2-FAA880BBA356} = {5B103071-76A4-4C9D-963A-91AA2D31175D}
		{70180475-1419-4479-ABA5-C910EE5CE3FA} = {5B103071-76A4-4C9D-963A-91AA2D31175D}
		{4474FC48-0D28-49B4-8E78-8A1C9ACE7492} = {5B103071-76A4-4C9D-963A-91AA2D31175D}
	EndGlobalSection
	GlobalSection(ExtensibilityGlobals) = postSolution
		SolutionGuid = {5C1B3EEB-314F-4FD4-A545-495E4EEAA681}
	EndGlobalSection
EndGlobal
