
Microsoft Visual Studio Solution File, Format Version 12.00
# Visual Studio 15
VisualStudioVersion = 15.0.27130.2036
MinimumVisualStudioVersion = 10.0.40219.1
Project("{FAE04EC0-301F-11D3-BF4B-00C04F79EFBC}") = "WebDriverFramework", "WebDriverFramework\WebDriverFramework.csproj", "{95440912-8C1C-4A3A-A6AC-836278831F7E}"
EndProject
Project("{FAE04EC0-301F-11D3-BF4B-00C04F79EFBC}") = "ConsoleApp1", "Solution\ConsoleApp1\ConsoleApp1.csproj", "{DABCE72F-8A47-4259-912B-E9C61A1B4E66}"
EndProject
Project("{9A19103F-16F7-4668-BE54-9A1E7A4F7556}") = "ReportPortal.NLog", "..\Users\Artsiom_Kuis\Downloads\logger-net-nlog-master\logger-net-nlog-master\ReportPortal.NLog\ReportPortal.NLog.csproj", "{BD4C80F7-8928-481F-9F58-1CD4708D7FC8}"
EndProject
Project("{9A19103F-16F7-4668-BE54-9A1E7A4F7556}") = "ReportPortal.NUnitExtension", "..\Users\Artsiom_Kuis\Downloads\agent-net-nunit-master\agent-net-nunit-master\ReportPortal.NUnitExtension\ReportPortal.NUnitExtension.csproj", "{5DC6AAF5-1EFE-4793-9A99-4FDCBA734120}"
EndProject
Project("{9A19103F-16F7-4668-BE54-9A1E7A4F7556}") = "ReportPortal.Shared", "..\Users\Artsiom_Kuis\Downloads\commons-net-master\commons-net-master\ReportPortal.Shared\ReportPortal.Shared.csproj", "{0258995B-90EB-443A-8E73-8C14B815ED7B}"
EndProject
Project("{9A19103F-16F7-4668-BE54-9A1E7A4F7556}") = "ReportPortal.Client", "..\Users\Artsiom_Kuis\Downloads\client-net-master\client-net-master\ReportPortal.Client\ReportPortal.Client.csproj", "{B44B75E9-B67E-4E66-8FD0-CC9A0792D208}"
EndProject
Project("{2150E333-8FDC-42A3-9474-1A3956D46DE8}") = "ReportPortal", "ReportPortal", "{5B103071-76A4-4C9D-963A-91AA2D31175D}"
EndProject
Global
	GlobalSection(SolutionConfigurationPlatforms) = preSolution
		Debug|Any CPU = Debug|Any CPU
		Release|Any CPU = Release|Any CPU
	EndGlobalSection
	GlobalSection(ProjectConfigurationPlatforms) = postSolution
		{95440912-8C1C-4A3A-A6AC-836278831F7E}.Debug|Any CPU.ActiveCfg = Debug|Any CPU
		{95440912-8C1C-4A3A-A6AC-836278831F7E}.Debug|Any CPU.Build.0 = Debug|Any CPU
		{95440912-8C1C-4A3A-A6AC-836278831F7E}.Release|Any CPU.ActiveCfg = Release|Any CPU
		{95440912-8C1C-4A3A-A6AC-836278831F7E}.Release|Any CPU.Build.0 = Release|Any CPU
		{DABCE72F-8A47-4259-912B-E9C61A1B4E66}.Debug|Any CPU.ActiveCfg = Debug|Any CPU
		{DABCE72F-8A47-4259-912B-E9C61A1B4E66}.Debug|Any CPU.Build.0 = Debug|Any CPU
		{DABCE72F-8A47-4259-912B-E9C61A1B4E66}.Release|Any CPU.ActiveCfg = Release|Any CPU
		{DABCE72F-8A47-4259-912B-E9C61A1B4E66}.Release|Any CPU.Build.0 = Release|Any CPU
		{BD4C80F7-8928-481F-9F58-1CD4708D7FC8}.Debug|Any CPU.ActiveCfg = Debug|Any CPU
		{BD4C80F7-8928-481F-9F58-1CD4708D7FC8}.Debug|Any CPU.Build.0 = Debug|Any CPU
		{BD4C80F7-8928-481F-9F58-1CD4708D7FC8}.Release|Any CPU.ActiveCfg = Release|Any CPU
		{BD4C80F7-8928-481F-9F58-1CD4708D7FC8}.Release|Any CPU.Build.0 = Release|Any CPU
		{5DC6AAF5-1EFE-4793-9A99-4FDCBA734120}.Debug|Any CPU.ActiveCfg = Debug|Any CPU
		{5DC6AAF5-1EFE-4793-9A99-4FDCBA734120}.Debug|Any CPU.Build.0 = Debug|Any CPU
		{5DC6AAF5-1EFE-4793-9A99-4FDCBA734120}.Release|Any CPU.ActiveCfg = Release|Any CPU
		{5DC6AAF5-1EFE-4793-9A99-4FDCBA734120}.Release|Any CPU.Build.0 = Release|Any CPU
		{0258995B-90EB-443A-8E73-8C14B815ED7B}.Debug|Any CPU.ActiveCfg = Debug|Any CPU
		{0258995B-90EB-443A-8E73-8C14B815ED7B}.Debug|Any CPU.Build.0 = Debug|Any CPU
		{0258995B-90EB-443A-8E73-8C14B815ED7B}.Release|Any CPU.ActiveCfg = Release|Any CPU
		{0258995B-90EB-443A-8E73-8C14B815ED7B}.Release|Any CPU.Build.0 = Release|Any CPU
		{B44B75E9-B67E-4E66-8FD0-CC9A0792D208}.Debug|Any CPU.ActiveCfg = Debug|Any CPU
		{B44B75E9-B67E-4E66-8FD0-CC9A0792D208}.Debug|Any CPU.Build.0 = Debug|Any CPU
		{B44B75E9-B67E-4E66-8FD0-CC9A0792D208}.Release|Any CPU.ActiveCfg = Release|Any CPU
		{B44B75E9-B67E-4E66-8FD0-CC9A0792D208}.Release|Any CPU.Build.0 = Release|Any CPU
	EndGlobalSection
	GlobalSection(SolutionProperties) = preSolution
		HideSolutionNode = FALSE
	EndGlobalSection
	GlobalSection(NestedProjects) = preSolution
		{BD4C80F7-8928-481F-9F58-1CD4708D7FC8} = {5B103071-76A4-4C9D-963A-91AA2D31175D}
		{5DC6AAF5-1EFE-4793-9A99-4FDCBA734120} = {5B103071-76A4-4C9D-963A-91AA2D31175D}
		{0258995B-90EB-443A-8E73-8C14B815ED7B} = {5B103071-76A4-4C9D-963A-91AA2D31175D}
		{B44B75E9-B67E-4E66-8FD0-CC9A0792D208} = {5B103071-76A4-4C9D-963A-91AA2D31175D}
	EndGlobalSection
	GlobalSection(ExtensibilityGlobals) = postSolution
		SolutionGuid = {5C1B3EEB-314F-4FD4-A545-495E4EEAA681}
	EndGlobalSection
EndGlobal
