
Microsoft Visual Studio Solution File, Format Version 12.00
# Visual Studio 15
VisualStudioVersion = 15.0.27130.2036
MinimumVisualStudioVersion = 10.0.40219.1
Project("{9A19103F-16F7-4668-BE54-9A1E7A4F7556}") = "ReportPortal.Shared", "ReportPortal.Shared\ReportPortal.Shared.csproj", "{17E8A09C-4BC6-4822-8C0C-5F3E6912E77F}"
EndProject
Project("{9A19103F-16F7-4668-BE54-9A1E7A4F7556}") = "ReportPortal.Shared.Tests", "ReportPortal.Shared.Tests\ReportPortal.Shared.Tests.csproj", "{D058F52D-90F0-4908-A0AF-BDD4709451A5}"
EndProject
Project("{9A19103F-16F7-4668-BE54-9A1E7A4F7556}") = "ReportPortal.Client", "..\..\client-net-master\client-net-master\ReportPortal.Client\ReportPortal.Client.csproj", "{94295623-E550-44E9-854C-23C66BE44B36}"
EndProject
Global
	GlobalSection(SolutionConfigurationPlatforms) = preSolution
		Debug|Any CPU = Debug|Any CPU
		Release|Any CPU = Release|Any CPU
	EndGlobalSection
	GlobalSection(ProjectConfigurationPlatforms) = postSolution
		{17E8A09C-4BC6-4822-8C0C-5F3E6912E77F}.Debug|Any CPU.ActiveCfg = Debug|Any CPU
		{17E8A09C-4BC6-4822-8C0C-5F3E6912E77F}.Debug|Any CPU.Build.0 = Debug|Any CPU
		{17E8A09C-4BC6-4822-8C0C-5F3E6912E77F}.Release|Any CPU.ActiveCfg = Release|Any CPU
		{17E8A09C-4BC6-4822-8C0C-5F3E6912E77F}.Release|Any CPU.Build.0 = Release|Any CPU
		{D058F52D-90F0-4908-A0AF-BDD4709451A5}.Debug|Any CPU.ActiveCfg = Debug|Any CPU
		{D058F52D-90F0-4908-A0AF-BDD4709451A5}.Debug|Any CPU.Build.0 = Debug|Any CPU
		{D058F52D-90F0-4908-A0AF-BDD4709451A5}.Release|Any CPU.ActiveCfg = Release|Any CPU
		{D058F52D-90F0-4908-A0AF-BDD4709451A5}.Release|Any CPU.Build.0 = Release|Any CPU
		{94295623-E550-44E9-854C-23C66BE44B36}.Debug|Any CPU.ActiveCfg = Debug|Any CPU
		{94295623-E550-44E9-854C-23C66BE44B36}.Debug|Any CPU.Build.0 = Debug|Any CPU
		{94295623-E550-44E9-854C-23C66BE44B36}.Release|Any CPU.ActiveCfg = Release|Any CPU
		{94295623-E550-44E9-854C-23C66BE44B36}.Release|Any CPU.Build.0 = Release|Any CPU
	EndGlobalSection
	GlobalSection(SolutionProperties) = preSolution
		HideSolutionNode = FALSE
	EndGlobalSection
	GlobalSection(ExtensibilityGlobals) = postSolution
		SolutionGuid = {603698C6-3CA0-4429-9A96-BA1AAC012F3F}
	EndGlobalSection
EndGlobal
